
Microsoft Visual Studio Solution File, Format Version 12.00
# Visual Studio 15
VisualStudioVersion = 15.0.35714.111
MinimumVisualStudioVersion = 10.0.40219.1
Project("{FAE04EC0-301F-11D3-BF4B-00C04F79EFBC}") = "ConsoleApp1", "ConsoleApp1\ConsoleApp1.csproj", "{9D0461D3-9FEC-4237-A350-B3AFCFFC2AC1}"
EndProject
Global
	GlobalSection(SolutionConfigurationPlatforms) = preSolution
		Debug|Any CPU = Debug|Any CPU
		Release|Any CPU = Release|Any CPU
	EndGlobalSection
	GlobalSection(ProjectConfigurationPlatforms) = postSolution
		{9D0461D3-9FEC-4237-A350-B3AFCFFC2AC1}.Debug|Any CPU.ActiveCfg = Debug|Any CPU
		{9D0461D3-9FEC-4237-A350-B3AFCFFC2AC1}.Debug|Any CPU.Build.0 = Debug|Any CPU
		{9D0461D3-9FEC-4237-A350-B3AFCFFC2AC1}.Release|Any CPU.ActiveCfg = Release|Any CPU
		{9D0461D3-9FEC-4237-A350-B3AFCFFC2AC1}.Release|Any CPU.Build.0 = Release|Any CPU
	EndGlobalSection
	GlobalSection(SolutionProperties) = preSolution
		HideSolutionNode = FALSE
	EndGlobalSection
	GlobalSection(ExtensibilityGlobals) = postSolution
		SolutionGuid = {3C130097-43AD-4276-86AD-87E482810365}
	EndGlobalSection
EndGlobal
